
Microsoft Visual Studio Solution File, Format Version 12.00
# Visual Studio Version 17
VisualStudioVersion = 17.6.33723.286
MinimumVisualStudioVersion = 10.0.40219.1
Project("{FAE04EC0-301F-11D3-BF4B-00C04F79EFBC}") = "ASPCoreDB", "ASPCoreDB\ASPCoreDB.csproj", "{37DC3AEF-F60D-4BE2-98A2-A542EC1AE468}"
EndProject
Global
	GlobalSection(SolutionConfigurationPlatforms) = preSolution
		Debug|Any CPU = Debug|Any CPU
		Release|Any CPU = Release|Any CPU
	EndGlobalSection
	GlobalSection(ProjectConfigurationPlatforms) = postSolution
		{37DC3AEF-F60D-4BE2-98A2-A542EC1AE468}.Debug|Any CPU.ActiveCfg = Debug|Any CPU
		{37DC3AEF-F60D-4BE2-98A2-A542EC1AE468}.Debug|Any CPU.Build.0 = Debug|Any CPU
		{37DC3AEF-F60D-4BE2-98A2-A542EC1AE468}.Release|Any CPU.ActiveCfg = Release|Any CPU
		{37DC3AEF-F60D-4BE2-98A2-A542EC1AE468}.Release|Any CPU.Build.0 = Release|Any CPU
	EndGlobalSection
	GlobalSection(SolutionProperties) = preSolution
		HideSolutionNode = FALSE
	EndGlobalSection
	GlobalSection(ExtensibilityGlobals) = postSolution
		SolutionGuid = {34C015F5-7E4E-4A8F-B33D-C922FBB00D31}
	EndGlobalSection
EndGlobal
